
Microsoft Visual Studio Solution File, Format Version 12.00
# Visual Studio Version 17
VisualStudioVersion = 17.10.35027.167
MinimumVisualStudioVersion = 10.0.40219.1
Project("{FAE04EC0-301F-11D3-BF4B-00C04F79EFBC}") = "HuyHenHa", "HuyHenHa\HuyHenHa.csproj", "{C6EFAE5D-BBD8-4B96-B2C0-C26AB5D94679}"
EndProject
Global
	GlobalSection(SolutionConfigurationPlatforms) = preSolution
		Debug|Any CPU = Debug|Any CPU
		Release|Any CPU = Release|Any CPU
	EndGlobalSection
	GlobalSection(ProjectConfigurationPlatforms) = postSolution
		{C6EFAE5D-BBD8-4B96-B2C0-C26AB5D94679}.Debug|Any CPU.ActiveCfg = Debug|Any CPU
		{C6EFAE5D-BBD8-4B96-B2C0-C26AB5D94679}.Debug|Any CPU.Build.0 = Debug|Any CPU
		{C6EFAE5D-BBD8-4B96-B2C0-C26AB5D94679}.Release|Any CPU.ActiveCfg = Release|Any CPU
		{C6EFAE5D-BBD8-4B96-B2C0-C26AB5D94679}.Release|Any CPU.Build.0 = Release|Any CPU
	EndGlobalSection
	GlobalSection(SolutionProperties) = preSolution
		HideSolutionNode = FALSE
	EndGlobalSection
	GlobalSection(ExtensibilityGlobals) = postSolution
		SolutionGuid = {514DB487-5F79-41D5-AF0C-1340B9F4632C}
	EndGlobalSection
EndGlobal
